
Microsoft Visual Studio Solution File, Format Version 12.00
# Visual Studio Version 16
VisualStudioVersion = 16.0.30804.86
MinimumVisualStudioVersion = 10.0.40219.1
Project("{FAE04EC0-301F-11D3-BF4B-00C04F79EFBC}") = "Game2048.ConsoleApp", "Game2048.ConsoleApp\Game2048.ConsoleApp.csproj", "{D1E3F4F8-E072-48BD-808A-FF12C0666665}"
EndProject
Global
	GlobalSection(SolutionConfigurationPlatforms) = preSolution
		Debug|Any CPU = Debug|Any CPU
		Release|Any CPU = Release|Any CPU
	EndGlobalSection
	GlobalSection(ProjectConfigurationPlatforms) = postSolution
		{D1E3F4F8-E072-48BD-808A-FF12C0666665}.Debug|Any CPU.ActiveCfg = Debug|Any CPU
		{D1E3F4F8-E072-48BD-808A-FF12C0666665}.Debug|Any CPU.Build.0 = Debug|Any CPU
		{D1E3F4F8-E072-48BD-808A-FF12C0666665}.Release|Any CPU.ActiveCfg = Release|Any CPU
		{D1E3F4F8-E072-48BD-808A-FF12C0666665}.Release|Any CPU.Build.0 = Release|Any CPU
	EndGlobalSection
	GlobalSection(SolutionProperties) = preSolution
		HideSolutionNode = FALSE
	EndGlobalSection
	GlobalSection(ExtensibilityGlobals) = postSolution
		SolutionGuid = {4A6C900F-EC7A-4C2A-BAA3-0BB9220B52A4}
	EndGlobalSection
EndGlobal
